Microsoft Visual Studio Solution File, Format Version 12.00
# Visual Studio 15
VisualStudioVersion = 15.0.28010.2019
MinimumVisualStudioVersion = 10.0.40219.1
Project("{FAE04EC0-301F-11D3-BF4B-00C04F79EFBC}") = "JogoDaMemoria.Android", "JogoDaMemoria.Android\JogoDaMemoria.Android.csproj", "{6F62097E-8006-4AA9-8703-659E136A8D73}"
EndProject
Project("{FAE04EC0-301F-11D3-BF4B-00C04F79EFBC}") = "JogoDaMemoria.iOS", "JogoDaMemoria.iOS\JogoDaMemoria.iOS.csproj", "{5ED22916-796C-417A-A990-25D2F0EA04AE}"
EndProject
Project("{9A19103F-16F7-4668-BE54-9A1E7A4F7556}") = "JogoDaMemoria", "JogoDaMemoria\JogoDaMemoria.csproj", "{147ACC5C-111C-4846-80F6-648EC7A75682}"
EndProject
Global
	GlobalSection(SolutionConfigurationPlatforms) = preSolution
		Ad-Hoc|Any CPU = Ad-Hoc|Any CPU
		Ad-Hoc|iPhone = Ad-Hoc|iPhone
		Ad-Hoc|iPhoneSimulator = Ad-Hoc|iPhoneSimulator
		AppStore|Any CPU = AppStore|Any CPU
		AppStore|iPhone = AppStore|iPhone
		AppStore|iPhoneSimulator = AppStore|iPhoneSimulator
		Debug|Any CPU = Debug|Any CPU
		Debug|iPhone = Debug|iPhone
		Debug|iPhoneSimulator = Debug|iPhoneSimulator
		Release|Any CPU = Release|Any CPU
		Release|iPhone = Release|iPhone
		Release|iPhoneSimulator = Release|iPhoneSimulator
	EndGlobalSection
	GlobalSection(ProjectConfigurationPlatforms) = postSolution
		{6F62097E-8006-4AA9-8703-659E136A8D73}.Ad-Hoc|Any CPU.ActiveCfg = Release|Any CPU
		{6F62097E-8006-4AA9-8703-659E136A8D73}.Ad-Hoc|Any CPU.Build.0 = Release|Any CPU
		{6F62097E-8006-4AA9-8703-659E136A8D73}.Ad-Hoc|Any CPU.Deploy.0 = Release|Any CPU
		{6F62097E-8006-4AA9-8703-659E136A8D73}.Ad-Hoc|iPhone.ActiveCfg = Debug|Any CPU
		{6F62097E-8006-4AA9-8703-659E136A8D73}.Ad-Hoc|iPhone.Build.0 = Debug|Any CPU
		{6F62097E-8006-4AA9-8703-659E136A8D73}.Ad-Hoc|iPhoneSimulator.ActiveCfg = Release|Any CPU
		{6F62097E-8006-4AA9-8703-659E136A8D73}.Ad-Hoc|iPhoneSimulator.Build.0 = Release|Any CPU
		{6F62097E-8006-4AA9-8703-659E136A8D73}.Ad-Hoc|iPhoneSimulator.Deploy.0 = Release|Any CPU
		{6F62097E-8006-4AA9-8703-659E136A8D73}.AppStore|Any CPU.ActiveCfg = Release|Any CPU
		{6F62097E-8006-4AA9-8703-659E136A8D73}.AppStore|Any CPU.Build.0 = Release|Any CPU
		{6F62097E-8006-4AA9-8703-659E136A8D73}.AppStore|Any CPU.Deploy.0 = Release|Any CPU
		{6F62097E-8006-4AA9-8703-659E136A8D73}.AppStore|iPhone.ActiveCfg = Debug|Any CPU
		{6F62097E-8006-4AA9-8703-659E136A8D73}.AppStore|iPhone.Build.0 = Debug|Any CPU
		{6F62097E-8006-4AA9-8703-659E136A8D73}.AppStore|iPhoneSimulator.ActiveCfg = Release|Any CPU
		{6F62097E-8006-4AA9-8703-659E136A8D73}.AppStore|iPhoneSimulator.Build.0 = Release|Any CPU
		{6F62097E-8006-4AA9-8703-659E136A8D73}.AppStore|iPhoneSimulator.Deploy.0 = Release|Any CPU
		{6F62097E-8006-4AA9-8703-659E136A8D73}.Debug|Any CPU.ActiveCfg = Debug|Any CPU
		{6F62097E-8006-4AA9-8703-659E136A8D73}.Debug|Any CPU.Build.0 = Debug|Any CPU
		{6F62097E-8006-4AA9-8703-659E136A8D73}.Debug|Any CPU.Deploy.0 = Debug|Any CPU
		{6F62097E-8006-4AA9-8703-659E136A8D73}.Debug|iPhone.ActiveCfg = Debug|Any CPU
		{6F62097E-8006-4AA9-8703-659E136A8D73}.Debug|iPhone.Build.0 = Debug|Any CPU
		{6F62097E-8006-4AA9-8703-659E136A8D73}.Debug|iPhoneSimulator.ActiveCfg = Debug|Any CPU
		{6F62097E-8006-4AA9-8703-659E136A8D73}.Debug|iPhoneSimulator.Build.0 = Debug|Any CPU
		{6F62097E-8006-4AA9-8703-659E136A8D73}.Release|Any CPU.ActiveCfg = Release|Any CPU
		{6F62097E-8006-4AA9-8703-659E136A8D73}.Release|Any CPU.Build.0 = Release|Any CPU
		{6F62097E-8006-4AA9-8703-659E136A8D73}.Release|iPhone.ActiveCfg = Release|Any CPU
		{6F62097E-8006-4AA9-8703-659E136A8D73}.Release|iPhone.Build.0 = Release|Any CPU
		{6F62097E-8006-4AA9-8703-659E136A8D73}.Release|iPhoneSimulator.ActiveCfg = Release|Any CPU
		{6F62097E-8006-4AA9-8703-659E136A8D73}.Release|iPhoneSimulator.Build.0 = Release|Any CPU
		{5ED22916-796C-417A-A990-25D2F0EA04AE}.Ad-Hoc|Any CPU.ActiveCfg = Ad-Hoc|iPhoneSimulator
		{5ED22916-796C-417A-A990-25D2F0EA04AE}.Ad-Hoc|iPhone.ActiveCfg = Ad-Hoc|iPhone
		{5ED22916-796C-417A-A990-25D2F0EA04AE}.Ad-Hoc|iPhone.Build.0 = Ad-Hoc|iPhone
		{5ED22916-796C-417A-A990-25D2F0EA04AE}.Ad-Hoc|iPhoneSimulator.ActiveCfg = Ad-Hoc|iPhoneSimulator
		{5ED22916-796C-417A-A990-25D2F0EA04AE}.Ad-Hoc|iPhoneSimulator.Build.0 = Ad-Hoc|iPhoneSimulator
		{5ED22916-796C-417A-A990-25D2F0EA04AE}.AppStore|Any CPU.ActiveCfg = AppStore|iPhoneSimulator
		{5ED22916-796C-417A-A990-25D2F0EA04AE}.AppStore|iPhone.ActiveCfg = AppStore|iPhone
		{5ED22916-796C-417A-A990-25D2F0EA04AE}.AppStore|iPhone.Build.0 = AppStore|iPhone
		{5ED22916-796C-417A-A990-25D2F0EA04AE}.AppStore|iPhoneSimulator.ActiveCfg = AppStore|iPhoneSimulator
		{5ED22916-796C-417A-A990-25D2F0EA04AE}.AppStore|iPhoneSimulator.Build.0 = AppStore|iPhoneSimulator
		{5ED22916-796C-417A-A990-25D2F0EA04AE}.Debug|Any CPU.ActiveCfg = Debug|iPhoneSimulator
		{5ED22916-796C-417A-A990-25D2F0EA04AE}.Debug|Any CPU.Build.0 = Debug|iPhoneSimulator
		{5ED22916-796C-417A-A990-25D2F0EA04AE}.Debug|iPhone.ActiveCfg = Debug|iPhone
		{5ED22916-796C-417A-A990-25D2F0EA04AE}.Debug|iPhone.Build.0 = Debug|iPhone
		{5ED22916-796C-417A-A990-25D2F0EA04AE}.Debug|iPhoneSimulator.ActiveCfg = Debug|iPhoneSimulator
		{5ED22916-796C-417A-A990-25D2F0EA04AE}.Debug|iPhoneSimulator.Build.0 = Debug|iPhoneSimulator
		{5ED22916-796C-417A-A990-25D2F0EA04AE}.Release|Any CPU.ActiveCfg = Release|iPhoneSimulator
		{5ED22916-796C-417A-A990-25D2F0EA04AE}.Release|Any CPU.Build.0 = Release|iPhoneSimulator
		{5ED22916-796C-417A-A990-25D2F0EA04AE}.Release|iPhone.ActiveCfg = Release|iPhone
		{5ED22916-796C-417A-A990-25D2F0EA04AE}.Release|iPhone.Build.0 = Release|iPhone
		{5ED22916-796C-417A-A990-25D2F0EA04AE}.Release|iPhoneSimulator.ActiveCfg = Release|iPhoneSimulator
		{5ED22916-796C-417A-A990-25D2F0EA04AE}.Release|iPhoneSimulator.Build.0 = Release|iPhoneSimulator
		{147ACC5C-111C-4846-80F6-648EC7A75682}.Ad-Hoc|Any CPU.ActiveCfg = Release|Any CPU
		{147ACC5C-111C-4846-80F6-648EC7A75682}.Ad-Hoc|Any CPU.Build.0 = Release|Any CPU
		{147ACC5C-111C-4846-80F6-648EC7A75682}.Ad-Hoc|iPhone.ActiveCfg = Debug|Any CPU
		{147ACC5C-111C-4846-80F6-648EC7A75682}.Ad-Hoc|iPhone.Build.0 = Debug|Any CPU
		{147ACC5C-111C-4846-80F6-648EC7A75682}.Ad-Hoc|iPhoneSimulator.ActiveCfg = Release|Any CPU
		{147ACC5C-111C-4846-80F6-648EC7A75682}.Ad-Hoc|iPhoneSimulator.Build.0 = Release|Any CPU
		{147ACC5C-111C-4846-80F6-648EC7A75682}.AppStore|Any CPU.ActiveCfg = Release|Any CPU
		{147ACC5C-111C-4846-80F6-648EC7A75682}.AppStore|Any CPU.Build.0 = Release|Any CPU
		{147ACC5C-111C-4846-80F6-648EC7A75682}.AppStore|iPhone.ActiveCfg = Debug|Any CPU
		{147ACC5C-111C-4846-80F6-648EC7A75682}.AppStore|iPhone.Build.0 = Debug|Any CPU
		{147ACC5C-111C-4846-80F6-648EC7A75682}.AppStore|iPhoneSimulator.ActiveCfg = Release|Any CPU
		{147ACC5C-111C-4846-80F6-648EC7A75682}.AppStore|iPhoneSimulator.Build.0 = Release|Any CPU
		{147ACC5C-111C-4846-80F6-648EC7A75682}.Debug|Any CPU.ActiveCfg = Debug|Any CPU
		{147ACC5C-111C-4846-80F6-648EC7A75682}.Debug|Any CPU.Build.0 = Debug|Any CPU
		{147ACC5C-111C-4846-80F6-648EC7A75682}.Debug|iPhone.ActiveCfg = Debug|Any CPU
		{147ACC5C-111C-4846-80F6-648EC7A75682}.Debug|iPhone.Build.0 = Debug|Any CPU
		{147ACC5C-111C-4846-80F6-648EC7A75682}.Debug|iPhoneSimulator.ActiveCfg = Debug|Any CPU
		{147ACC5C-111C-4846-80F6-648EC7A75682}.Debug|iPhoneSimulator.Build.0 = Debug|Any CPU
		{147ACC5C-111C-4846-80F6-648EC7A75682}.Release|Any CPU.ActiveCfg = Release|Any CPU
		{147ACC5C-111C-4846-80F6-648EC7A75682}.Release|Any CPU.Build.0 = Release|Any CPU
		{147ACC5C-111C-4846-80F6-648EC7A75682}.Release|iPhone.ActiveCfg = Release|Any CPU
		{147ACC5C-111C-4846-80F6-648EC7A75682}.Release|iPhone.Build.0 = Release|Any CPU
		{147ACC5C-111C-4846-80F6-648EC7A75682}.Release|iPhoneSimulator.ActiveCfg = Release|Any CPU
		{147ACC5C-111C-4846-80F6-648EC7A75682}.Release|iPhoneSimulator.Build.0 = Release|Any CPU
	EndGlobalSection
	GlobalSection(SolutionProperties) = preSolution
		HideSolutionNode = FALSE
	EndGlobalSection
	GlobalSection(ExtensibilityGlobals) = postSolution
		SolutionGuid = {5F5524CB-6AC0-4667-B0B3-40F03C26357A}
	EndGlobalSection
EndGlobal
